
Microsoft Visual Studio Solution File, Format Version 12.00
# Visual Studio 2013
VisualStudioVersion = 12.0.31101.0
MinimumVisualStudioVersion = 10.0.40219.1
Project("{2150E333-8FDC-42A3-9474-1A3956D46DE8}") = "Engine", "Engine", "{4692C810-A286-4E7E-A548-CFBDB0FD12AD}"
EndProject
Project("{2150E333-8FDC-42A3-9474-1A3956D46DE8}") = "Games", "Games", "{97C31342-688F-44F8-9ECD-DECDA03EEC3E}"
EndProject
Project("{8BC9CEB8-8B4A-11D0-8D11-00A0C91BC942}") = "RobotsVSEngineers", "Intermediate\ProjectFiles\RobotsVSEngineers.vcxproj", "{4D53C50C-EA97-4A7D-A1B9-74C8105E8DFB}"
EndProject
Project("{8BC9CEB8-8B4A-11D0-8D11-00A0C91BC942}") = "UE4", "Intermediate\ProjectFiles\UE4.vcxproj", "{2955A651-E4F4-43B8-B18A-7AB81307B4A6}"
EndProject
Global
	GlobalSection(SolutionConfigurationPlatforms) = preSolution
		DebugGame Editor|Windows = DebugGame Editor|Windows
		DebugGame|Windows = DebugGame|Windows
		Development Editor|Windows = Development Editor|Windows
		Development|Windows = Development|Windows
		Shipping|Windows = Shipping|Windows
	EndGlobalSection
	GlobalSection(ProjectConfigurationPlatforms) = postSolution
		{4D53C50C-EA97-4A7D-A1B9-74C8105E8DFB}.DebugGame Editor|Windows.ActiveCfg = DebugGame_Editor|x64
		{4D53C50C-EA97-4A7D-A1B9-74C8105E8DFB}.DebugGame Editor|Windows.Build.0 = DebugGame_Editor|x64
		{4D53C50C-EA97-4A7D-A1B9-74C8105E8DFB}.DebugGame|Windows.ActiveCfg = DebugGame_Game|x64
		{4D53C50C-EA97-4A7D-A1B9-74C8105E8DFB}.DebugGame|Windows.Build.0 = DebugGame_Game|x64
		{4D53C50C-EA97-4A7D-A1B9-74C8105E8DFB}.Development Editor|Windows.ActiveCfg = Development_Editor|x64
		{4D53C50C-EA97-4A7D-A1B9-74C8105E8DFB}.Development Editor|Windows.Build.0 = Development_Editor|x64
		{4D53C50C-EA97-4A7D-A1B9-74C8105E8DFB}.Development|Windows.ActiveCfg = Development_Game|x64
		{4D53C50C-EA97-4A7D-A1B9-74C8105E8DFB}.Development|Windows.Build.0 = Development_Game|x64
		{4D53C50C-EA97-4A7D-A1B9-74C8105E8DFB}.Shipping|Windows.ActiveCfg = Shipping_Game|Win32
		{4D53C50C-EA97-4A7D-A1B9-74C8105E8DFB}.Shipping|Windows.Build.0 = Shipping_Game|Win32
		{2955A651-E4F4-43B8-B18A-7AB81307B4A6}.DebugGame Editor|Windows.ActiveCfg = BuiltWithUnrealBuildTool|Win32
		{2955A651-E4F4-43B8-B18A-7AB81307B4A6}.DebugGame|Windows.ActiveCfg = BuiltWithUnrealBuildTool|Win32
		{2955A651-E4F4-43B8-B18A-7AB81307B4A6}.Development Editor|Windows.ActiveCfg = BuiltWithUnrealBuildTool|Win32
		{2955A651-E4F4-43B8-B18A-7AB81307B4A6}.Development|Windows.ActiveCfg = BuiltWithUnrealBuildTool|Win32
		{2955A651-E4F4-43B8-B18A-7AB81307B4A6}.Shipping|Windows.ActiveCfg = BuiltWithUnrealBuildTool|Win32
	EndGlobalSection
	GlobalSection(SolutionProperties) = preSolution
		HideSolutionNode = FALSE
	EndGlobalSection
	GlobalSection(NestedProjects) = preSolution
		{4D53C50C-EA97-4A7D-A1B9-74C8105E8DFB} = {97C31342-688F-44F8-9ECD-DECDA03EEC3E}
		{2955A651-E4F4-43B8-B18A-7AB81307B4A6} = {4692C810-A286-4E7E-A548-CFBDB0FD12AD}
	EndGlobalSection
EndGlobal
